// !$*UTF8*$!
{
	archiveVersion = 1;
	classes = {
	};
	objectVersion = 56;
	objects = {

/* Begin PBXBuildFile section */
		8F2FB0002ACF980F00EC9843 /* TipzApp.swift in Sources */ = {isa = PBXBuildFile; fileRef = 8F2FAFFF2ACF980F00EC9843 /* TipzApp.swift */; };
		8F2FB0022ACF980F00EC9843 /* ContentView.swift in Sources */ = {isa = PBXBuildFile; fileRef = 8F2FB0012ACF980F00EC9843 /* ContentView.swift */; };
		8F2FB0042ACF980F00EC9843 /* Assets.xcassets in Resources */ = {isa = PBXBuildFile; fileRef = 8F2FB0032ACF980F00EC9843 /* Assets.xcassets */; };
		8F2FB0072ACF980F00EC9843 /* Preview Assets.xcassets in Resources */ = {isa = PBXBuildFile; fileRef = 8F2FB0062ACF980F00EC9843 /* Preview Assets.xcassets */; };
		8F2FB00E2ACF983300EC9843 /* ButtonView.swift in Sources */ = {isa = PBXBuildFile; fileRef = 8F2FB00D2ACF983300EC9843 /* ButtonView.swift */; };
		8F2FB0102ACF985900EC9843 /* Tipz.swift in Sources */ = {isa = PBXBuildFile; fileRef = 8F2FB00F2ACF985900EC9843 /* Tipz.swift */; };
		8F2FB0122ACF988400EC9843 /* AppColors.swift in Sources */ = {isa = PBXBuildFile; fileRef = 8F2FB0112ACF988400EC9843 /* AppColors.swift */; };
		8F2FB0142ACF98AC00EC9843 /* listOfTips.swift in Sources */ = {isa = PBXBuildFile; fileRef = 8F2FB0132ACF98AC00EC9843 /* listOfTips.swift */; };
		8F2FB0162ACF98C800EC9843 /* TutorialView.swift in Sources */ = {isa = PBXBuildFile; fileRef = 8F2FB0152ACF98C800EC9843 /* TutorialView.swift */; };
		8F2FB0182ACF98DB00EC9843 /* PinnedView.swift in Sources */ = {isa = PBXBuildFile; fileRef = 8F2FB0172ACF98DB00EC9843 /* PinnedView.swift */; };
		8F2FB01A2ACF98FC00EC9843 /* SettingsView.swift in Sources */ = {isa = PBXBuildFile; fileRef = 8F2FB0192ACF98FC00EC9843 /* SettingsView.swift */; };
/* End PBXBuildFile section */

/* Begin PBXFileReference section */
		8F2FAFFC2ACF980F00EC9843 /* Tipz.app */ = {isa = PBXFileReference; explicitFileType = wrapper.application; includeInIndex = 0; path = Tipz.app; sourceTree = BUILT_PRODUCTS_DIR; };
		8F2FAFFF2ACF980F00EC9843 /* TipzApp.swift */ = {isa = PBXFileReference; lastKnownFileType = sourcecode.swift; path = TipzApp.swift; sourceTree = "<group>"; };
		8F2FB0012ACF980F00EC9843 /* ContentView.swift */ = {isa = PBXFileReference; lastKnownFileType = sourcecode.swift; path = ContentView.swift; sourceTree = "<group>"; };
		8F2FB0032ACF980F00EC9843 /* Assets.xcassets */ = {isa = PBXFileReference; lastKnownFileType = folder.assetcatalog; path = Assets.xcassets; sourceTree = "<group>"; };
		8F2FB0062ACF980F00EC9843 /* Preview Assets.xcassets */ = {isa = PBXFileReference; lastKnownFileType = folder.assetcatalog; path = "Preview Assets.xcassets"; sourceTree = "<group>"; };
		8F2FB00D2ACF983300EC9843 /* ButtonView.swift */ = {isa = PBXFileReference; lastKnownFileType = sourcecode.swift; path = ButtonView.swift; sourceTree = "<group>"; };
		8F2FB00F2ACF985900EC9843 /* Tipz.swift */ = {isa = PBXFileReference; lastKnownFileType = sourcecode.swift; path = Tipz.swift; sourceTree = "<group>"; };
		8F2FB0112ACF988400EC9843 /* AppColors.swift */ = {isa = PBXFileReference; lastKnownFileType = sourcecode.swift; path = AppColors.swift; sourceTree = "<group>"; };
		8F2FB0132ACF98AC00EC9843 /* listOfTips.swift */ = {isa = PBXFileReference; lastKnownFileType = sourcecode.swift; path = listOfTips.swift; sourceTree = "<group>"; };
		8F2FB0152ACF98C800EC9843 /* TutorialView.swift */ = {isa = PBXFileReference; lastKnownFileType = sourcecode.swift; path = TutorialView.swift; sourceTree = "<group>"; };
		8F2FB0172ACF98DB00EC9843 /* PinnedView.swift */ = {isa = PBXFileReference; lastKnownFileType = sourcecode.swift; path = PinnedView.swift; sourceTree = "<group>"; };
		8F2FB0192ACF98FC00EC9843 /* SettingsView.swift */ = {isa = PBXFileReference; lastKnownFileType = sourcecode.swift; path = SettingsView.swift; sourceTree = "<group>"; };
/* End PBXFileReference section */

/* Begin PBXFrameworksBuildPhase section */
		8F2FAFF92ACF980F00EC9843 /* Frameworks */ = {
			isa = PBXFrameworksBuildPhase;
			buildActionMask = 2147483647;
			files = (
			);
			runOnlyForDeploymentPostprocessing = 0;
		};
/* End PBXFrameworksBuildPhase section */

/* Begin PBXGroup section */
		8F2FAFF32ACF980F00EC9843 = {
			isa = PBXGroup;
			children = (
				8F2FAFFE2ACF980F00EC9843 /* Tipz */,
				8F2FAFFD2ACF980F00EC9843 /* Products */,
			);
			sourceTree = "<group>";
		};
		8F2FAFFD2ACF980F00EC9843 /* Products */ = {
			isa = PBXGroup;
			children = (
				8F2FAFFC2ACF980F00EC9843 /* Tipz.app */,
			);
			name = Products;
			sourceTree = "<group>";
		};
		8F2FAFFE2ACF980F00EC9843 /* Tipz */ = {
			isa = PBXGroup;
			children = (
				8F2FAFFF2ACF980F00EC9843 /* TipzApp.swift */,
				8F2FB0012ACF980F00EC9843 /* ContentView.swift */,
				8F2FB00D2ACF983300EC9843 /* ButtonView.swift */,
				8F2FB00F2ACF985900EC9843 /* Tipz.swift */,
				8F2FB0132ACF98AC00EC9843 /* listOfTips.swift */,
				8F2FB0152ACF98C800EC9843 /* TutorialView.swift */,
				8F2FB0172ACF98DB00EC9843 /* PinnedView.swift */,
				8F2FB0192ACF98FC00EC9843 /* SettingsView.swift */,
				8F2FB0032ACF980F00EC9843 /* Assets.xcassets */,
				8F2FB0112ACF988400EC9843 /* AppColors.swift */,
				8F2FB0052ACF980F00EC9843 /* Preview Content */,
			);
			path = Tipz;
			sourceTree = "<group>";
		};
		8F2FB0052ACF980F00EC9843 /* Preview Content */ = {
			isa = PBXGroup;
			children = (
				8F2FB0062ACF980F00EC9843 /* Preview Assets.xcassets */,
			);
			path = "Preview Content";
			sourceTree = "<group>";
		};
/* End PBXGroup section */

/* Begin PBXNativeTarget section */
		8F2FAFFB2ACF980F00EC9843 /* Tipz */ = {
			isa = PBXNativeTarget;
			buildConfigurationList = 8F2FB00A2ACF980F00EC9843 /* Build configuration list for PBXNativeTarget "Tipz" */;
			buildPhases = (
				8F2FAFF82ACF980F00EC9843 /* Sources */,
				8F2FAFF92ACF980F00EC9843 /* Frameworks */,
				8F2FAFFA2ACF980F00EC9843 /* Resources */,
			);
			buildRules = (
			);
			dependencies = (
			);
			name = Tipz;
			productName = Tipz;
			productReference = 8F2FAFFC2ACF980F00EC9843 /* Tipz.app */;
			productType = "com.apple.product-type.application";
		};
/* End PBXNativeTarget section */

/* Begin PBXProject section */
		8F2FAFF42ACF980F00EC9843 /* Project object */ = {
			isa = PBXProject;
			attributes = {
				BuildIndependentTargetsInParallel = 1;
				LastSwiftUpdateCheck = 1500;
				LastUpgradeCheck = 1500;
				TargetAttributes = {
					8F2FAFFB2ACF980F00EC9843 = {
						CreatedOnToolsVersion = 15.0;
					};
				};
			};
			buildConfigurationList = 8F2FAFF72ACF980F00EC9843 /* Build configuration list for PBXProject "Tipz" */;
			compatibilityVersion = "Xcode 14.0";
			developmentRegion = en;
			hasScannedForEncodings = 0;
			knownRegions = (
				en,
				Base,
			);
			mainGroup = 8F2FAFF32ACF980F00EC9843;
			productRefGroup = 8F2FAFFD2ACF980F00EC9843 /* Products */;
			projectDirPath = "";
			projectRoot = "";
			targets = (
				8F2FAFFB2ACF980F00EC9843 /* Tipz */,
			);
		};
/* End PBXProject section */

/* Begin PBXResourcesBuildPhase section */
		8F2FAFFA2ACF980F00EC9843 /* Resources */ = {
			isa = PBXResourcesBuildPhase;
			buildActionMask = 2147483647;
			files = (
				8F2FB0072ACF980F00EC9843 /* Preview Assets.xcassets in Resources */,
				8F2FB0042ACF980F00EC9843 /* Assets.xcassets in Resources */,
			);
			runOnlyForDeploymentPostprocessing = 0;
		};
/* End PBXResourcesBuildPhase section */

/* Begin PBXSourcesBuildPhase section */
		8F2FAFF82ACF980F00EC9843 /* Sources */ = {
			isa = PBXSourcesBuildPhase;
			buildActionMask = 2147483647;
			files = (
				8F2FB0162ACF98C800EC9843 /* TutorialView.swift in Sources */,
				8F2FB0142ACF98AC00EC9843 /* listOfTips.swift in Sources */,
				8F2FB0102ACF985900EC9843 /* Tipz.swift in Sources */,
				8F2FB01A2ACF98FC00EC9843 /* SettingsView.swift in Sources */,
				8F2FB0022ACF980F00EC9843 /* ContentView.swift in Sources */,
				8F2FB0182ACF98DB00EC9843 /* PinnedView.swift in Sources */,
				8F2FB0002ACF980F00EC9843 /* TipzApp.swift in Sources */,
				8F2FB0122ACF988400EC9843 /* AppColors.swift in Sources */,
				8F2FB00E2ACF983300EC9843 /* ButtonView.swift in Sources */,
			);
			runOnlyForDeploymentPostprocessing = 0;
		};
/* End PBXSourcesBuildPhase section */

/* Begin XCBuildConfiguration section */
		8F2FB0082ACF980F00EC9843 /* Debug */ = {
			isa = XCBuildConfiguration;
			buildSettings = {
				ALWAYS_SEARCH_USER_PATHS = NO;
				ASSETCATALOG_COMPILER_GENERATE_SWIFT_ASSET_SYMBOL_EXTENSIONS = YES;
				CLANG_ANALYZER_NONNULL = YES;
				CLANG_ANALYZER_NUMBER_OBJECT_CONVERSION = YES_AGGRESSIVE;
				CLANG_CXX_LANGUAGE_STANDARD = "gnu++20";
				CLANG_ENABLE_MODULES = YES;
				CLANG_ENABLE_OBJC_ARC = YES;
				CLANG_ENABLE_OBJC_WEAK = YES;
				CLANG_WARN_BLOCK_CAPTURE_AUTORELEASING = YES;
				CLANG_WARN_BOOL_CONVERSION = YES;
				CLANG_WARN_COMMA = YES;
				CLANG_WARN_CONSTANT_CONVERSION = YES;
				CLANG_WARN_DEPRECATED_OBJC_IMPLEMENTATIONS = YES;
				CLANG_WARN_DIRECT_OBJC_ISA_USAGE = YES_ERROR;
				CLANG_WARN_DOCUMENTATION_COMMENTS = YES;
				CLANG_WARN_EMPTY_BODY = YES;
				CLANG_WARN_ENUM_CONVERSION = YES;
				CLANG_WARN_INFINITE_RECURSION = YES;
				CLANG_WARN_INT_CONVERSION = YES;
				CLANG_WARN_NON_LITERAL_NULL_CONVERSION = YES;
				CLANG_WARN_OBJC_IMPLICIT_RETAIN_SELF = YES;
				CLANG_WARN_OBJC_LITERAL_CONVERSION = YES;
				CLANG_WARN_OBJC_ROOT_CLASS = YES_ERROR;
				CLANG_WARN_QUOTED_INCLUDE_IN_FRAMEWORK_HEADER = YES;
				CLANG_WARN_RANGE_LOOP_ANALYSIS = YES;
				CLANG_WARN_STRICT_PROTOTYPES = YES;
				CLANG_WARN_SUSPICIOUS_MOVE = YES;
				CLANG_WARN_UNGUARDED_AVAILABILITY = YES_AGGRESSIVE;
				CLANG_WARN_UNREACHABLE_CODE = YES;
				CLANG_WARN__DUPLICATE_METHOD_MATCH = YES;
				COPY_PHASE_STRIP = NO;
				DEBUG_INFORMATION_FORMAT = dwarf;
				ENABLE_STRICT_OBJC_MSGSEND = YES;
				ENABLE_TESTABILITY = YES;
				ENABLE_USER_SCRIPT_SANDBOXING = YES;
				GCC_C_LANGUAGE_STANDARD = gnu17;
				GCC_DYNAMIC_NO_PIC = NO;
				GCC_NO_COMMON_BLOCKS = YES;
				GCC_OPTIMIZATION_LEVEL = 0;
				GCC_PREPROCESSOR_DEFINITIONS = (
					"DEBUG=1",
					"$(inherited)",
				);
				GCC_WARN_64_TO_32_BIT_CONVERSION = YES;
				GCC_WARN_ABOUT_RETURN_TYPE = YES_ERROR;
				GCC_WARN_UNDECLARED_SELECTOR = YES;
				GCC_WARN_UNINITIALIZED_AUTOS = YES_AGGRESSIVE;
				GCC_WARN_UNUSED_FUNCTION = YES;
				GCC_WARN_UNUSED_VARIABLE = YES;
				IPHONEOS_DEPLOYMENT_TARGET = 17.0;
				LOCALIZATION_PREFERS_STRING_CATALOGS = YES;
				MTL_ENABLE_DEBUG_INFO = INCLUDE_SOURCE;
				MTL_FAST_MATH = YES;
				ONLY_ACTIVE_ARCH = YES;
				SDKROOT = iphoneos;
				SWIFT_ACTIVE_COMPILATION_CONDITIONS = "DEBUG $(inherited)";
				SWIFT_OPTIMIZATION_LEVEL = "-Onone";
			};
			name = Debug;
		};
		8F2FB0092ACF980F00EC9843 /* Release */ = {
			isa = XCBuildConfiguration;
			buildSettings = {
				ALWAYS_SEARCH_USER_PATHS = NO;
				ASSETCATALOG_COMPILER_GENERATE_SWIFT_ASSET_SYMBOL_EXTENSIONS = YES;
				CLANG_ANALYZER_NONNULL = YES;
				CLANG_ANALYZER_NUMBER_OBJECT_CONVERSION = YES_AGGRESSIVE;
				CLANG_CXX_LANGUAGE_STANDARD = "gnu++20";
				CLANG_ENABLE_MODULES = YES;
				CLANG_ENABLE_OBJC_ARC = YES;
				CLANG_ENABLE_OBJC_WEAK = YES;
				CLANG_WARN_BLOCK_CAPTURE_AUTORELEASING = YES;
				CLANG_WARN_BOOL_CONVERSION = YES;
				CLANG_WARN_COMMA = YES;
				CLANG_WARN_CONSTANT_CONVERSION = YES;
				CLANG_WARN_DEPRECATED_OBJC_IMPLEMENTATIONS = YES;
				CLANG_WARN_DIRECT_OBJC_ISA_USAGE = YES_ERROR;
				CLANG_WARN_DOCUMENTATION_COMMENTS = YES;
				CLANG_WARN_EMPTY_BODY = YES;
				CLANG_WARN_ENUM_CONVERSION = YES;
				CLANG_WARN_INFINITE_RECURSION = YES;
				CLANG_WARN_INT_CONVERSION = YES;
				CLANG_WARN_NON_LITERAL_NULL_CONVERSION = YES;
				CLANG_WARN_OBJC_IMPLICIT_RETAIN_SELF = YES;
				CLANG_WARN_OBJC_LITERAL_CONVERSION = YES;
				CLANG_WARN_OBJC_ROOT_CLASS = YES_ERROR;
				CLANG_WARN_QUOTED_INCLUDE_IN_FRAMEWORK_HEADER = YES;
				CLANG_WARN_RANGE_LOOP_ANALYSIS = YES;
				CLANG_WARN_STRICT_PROTOTYPES = YES;
				CLANG_WARN_SUSPICIOUS_MOVE = YES;
				CLANG_WARN_UNGUARDED_AVAILABILITY = YES_AGGRESSIVE;
				CLANG_WARN_UNREACHABLE_CODE = YES;
				CLANG_WARN__DUPLICATE_METHOD_MATCH = YES;
				COPY_PHASE_STRIP = NO;
				DEBUG_INFORMATION_FORMAT = "dwarf-with-dsym";
				ENABLE_NS_ASSERTIONS = NO;
				ENABLE_STRICT_OBJC_MSGSEND = YES;
				ENABLE_USER_SCRIPT_SANDBOXING = YES;
				GCC_C_LANGUAGE_STANDARD = gnu17;
				GCC_NO_COMMON_BLOCKS = YES;
				GCC_WARN_64_TO_32_BIT_CONVERSION = YES;
				GCC_WARN_ABOUT_RETURN_TYPE = YES_ERROR;
				GCC_WARN_UNDECLARED_SELECTOR = YES;
				GCC_WARN_UNINITIALIZED_AUTOS = YES_AGGRESSIVE;
				GCC_WARN_UNUSED_FUNCTION = YES;
				GCC_WARN_UNUSED_VARIABLE = YES;
				IPHONEOS_DEPLOYMENT_TARGET = 17.0;
				LOCALIZATION_PREFERS_STRING_CATALOGS = YES;
				MTL_ENABLE_DEBUG_INFO = NO;
				MTL_FAST_MATH = YES;
				SDKROOT = iphoneos;
				SWIFT_COMPILATION_MODE = wholemodule;
				VALIDATE_PRODUCT = YES;
			};
			name = Release;
		};
		8F2FB00B2ACF980F00EC9843 /* Debug */ = {
			isa = XCBuildConfiguration;
			buildSettings = {
				ASSETCATALOG_COMPILER_APPICON_NAME = AppIcon;
				ASSETCATALOG_COMPILER_GLOBAL_ACCENT_COLOR_NAME = AccentColor;
				CODE_SIGN_STYLE = Automatic;
				CURRENT_PROJECT_VERSION = 1;
				DEVELOPMENT_ASSET_PATHS = "\"Tipz/Preview Content\"";
				DEVELOPMENT_TEAM = 8V37B2VB4B;
				ENABLE_PREVIEWS = YES;
				GENERATE_INFOPLIST_FILE = YES;
				INFOPLIST_KEY_UIApplicationSceneManifest_Generation = YES;
				INFOPLIST_KEY_UIApplicationSupportsIndirectInputEvents = YES;
				INFOPLIST_KEY_UILaunchScreen_Generation = YES;
				INFOPLIST_KEY_UISupportedInterfaceOrientations_iPad = "UIInterfaceOrientationPortrait UIInterfaceOrientationPortraitUpsideDown UIInterfaceOrientationLandscapeLeft UIInterfaceOrientationLandscapeRight";
				INFOPLIST_KEY_UISupportedInterfaceOrientations_iPhone = "UIInterfaceOrientationPortrait UIInterfaceOrientationLandscapeLeft UIInterfaceOrientationLandscapeRight";
				LD_RUNPATH_SEARCH_PATHS = (
					"$(inherited)",
					"@executable_path/Frameworks",
				);
				MARKETING_VERSION = 1.0;
				PRODUCT_BUNDLE_IDENTIFIER = Reedex.Tipz;
				PRODUCT_NAME = "$(TARGET_NAME)";
				SWIFT_EMIT_LOC_STRINGS = YES;
				SWIFT_VERSION = 5.0;
				TARGETED_DEVICE_FAMILY = "1,2";
			};
			name = Debug;
		};
		8F2FB00C2ACF980F00EC9843 /* Release */ = {
			isa = XCBuildConfiguration;
			buildSettings = {
				ASSETCATALOG_COMPILER_APPICON_NAME = AppIcon;
				ASSETCATALOG_COMPILER_GLOBAL_ACCENT_COLOR_NAME = AccentColor;
				CODE_SIGN_STYLE = Automatic;
				CURRENT_PROJECT_VERSION = 1;
				DEVELOPMENT_ASSET_PATHS = "\"Tipz/Preview Content\"";
				DEVELOPMENT_TEAM = 8V37B2VB4B;
				ENABLE_PREVIEWS = YES;
				GENERATE_INFOPLIST_FILE = YES;
				INFOPLIST_KEY_UIApplicationSceneManifest_Generation = YES;
				INFOPLIST_KEY_UIApplicationSupportsIndirectInputEvents = YES;
				INFOPLIST_KEY_UILaunchScreen_Generation = YES;
				INFOPLIST_KEY_UISupportedInterfaceOrientations_iPad = "UIInterfaceOrientationPortrait UIInterfaceOrientationPortraitUpsideDown UIInterfaceOrientationLandscapeLeft UIInterfaceOrientationLandscapeRight";
				INFOPLIST_KEY_UISupportedInterfaceOrientations_iPhone = "UIInterfaceOrientationPortrait UIInterfaceOrientationLandscapeLeft UIInterfaceOrientationLandscapeRight";
				LD_RUNPATH_SEARCH_PATHS = (
					"$(inherited)",
					"@executable_path/Frameworks",
				);
				MARKETING_VERSION = 1.0;
				PRODUCT_BUNDLE_IDENTIFIER = Reedex.Tipz;
				PRODUCT_NAME = "$(TARGET_NAME)";
				SWIFT_EMIT_LOC_STRINGS = YES;
				SWIFT_VERSION = 5.0;
				TARGETED_DEVICE_FAMILY = "1,2";
			};
			name = Release;
		};
/* End XCBuildConfiguration section */

/* Begin XCConfigurationList section */
		8F2FAFF72ACF980F00EC9843 /* Build configuration list for PBXProject "Tipz" */ = {
			isa = XCConfigurationList;
			buildConfigurations = (
				8F2FB0082ACF980F00EC9843 /* Debug */,
				8F2FB0092ACF980F00EC9843 /* Release */,
			);
			defaultConfigurationIsVisible = 0;
			defaultConfigurationName = Release;
		};
		8F2FB00A2ACF980F00EC9843 /* Build configuration list for PBXNativeTarget "Tipz" */ = {
			isa = XCConfigurationList;
			buildConfigurations = (
				8F2FB00B2ACF980F00EC9843 /* Debug */,
				8F2FB00C2ACF980F00EC9843 /* Release */,
			);
			defaultConfigurationIsVisible = 0;
			defaultConfigurationName = Release;
		};
/* End XCConfigurationList section */
	};
	rootObject = 8F2FAFF42ACF980F00EC9843 /* Project object */;
}
